
Microsoft Visual Studio Solution File, Format Version 12.00
# Visual Studio Version 16
VisualStudioVersion = 16.0.31402.337
MinimumVisualStudioVersion = 10.0.40219.1
Project("{9A19103F-16F7-4668-BE54-9A1E7A4F7556}") = "SolucionCOVID", "SolucionCOVID.csproj", "{59763E5D-D0AE-47D3-82DB-9687C6C2B32F}"
EndProject
Global
	GlobalSection(SolutionConfigurationPlatforms) = preSolution
		Debug|Any CPU = Debug|Any CPU
		Release|Any CPU = Release|Any CPU
	EndGlobalSection
	GlobalSection(ProjectConfigurationPlatforms) = postSolution
		{59763E5D-D0AE-47D3-82DB-9687C6C2B32F}.Debug|Any CPU.ActiveCfg = Debug|Any CPU
		{59763E5D-D0AE-47D3-82DB-9687C6C2B32F}.Debug|Any CPU.Build.0 = Debug|Any CPU
		{59763E5D-D0AE-47D3-82DB-9687C6C2B32F}.Release|Any CPU.ActiveCfg = Release|Any CPU
		{59763E5D-D0AE-47D3-82DB-9687C6C2B32F}.Release|Any CPU.Build.0 = Release|Any CPU
	EndGlobalSection
	GlobalSection(SolutionProperties) = preSolution
		HideSolutionNode = FALSE
	EndGlobalSection
	GlobalSection(ExtensibilityGlobals) = postSolution
		SolutionGuid = {4A62B58C-76EA-439E-BC62-3185F44F97B6}
	EndGlobalSection
EndGlobal
